
Microsoft Visual Studio Solution File, Format Version 12.00
# Visual Studio 15
VisualStudioVersion = 15.0.28307.539
MinimumVisualStudioVersion = 10.0.40219.1
Project("{FAE04EC0-301F-11D3-BF4B-00C04F79EFBC}") = "game_bulls_and_cows", "test_game2\game_bulls_and_cows.csproj", "{3BBE2536-3548-44FF-8BD5-55D1785098D6}"
EndProject
Global
	GlobalSection(SolutionConfigurationPlatforms) = preSolution
		Debug|Any CPU = Debug|Any CPU
		Release|Any CPU = Release|Any CPU
	EndGlobalSection
	GlobalSection(ProjectConfigurationPlatforms) = postSolution
		{3BBE2536-3548-44FF-8BD5-55D1785098D6}.Debug|Any CPU.ActiveCfg = Debug|Any CPU
		{3BBE2536-3548-44FF-8BD5-55D1785098D6}.Debug|Any CPU.Build.0 = Debug|Any CPU
		{3BBE2536-3548-44FF-8BD5-55D1785098D6}.Release|Any CPU.ActiveCfg = Release|Any CPU
		{3BBE2536-3548-44FF-8BD5-55D1785098D6}.Release|Any CPU.Build.0 = Release|Any CPU
	EndGlobalSection
	GlobalSection(SolutionProperties) = preSolution
		HideSolutionNode = FALSE
	EndGlobalSection
	GlobalSection(ExtensibilityGlobals) = postSolution
		SolutionGuid = {E01DC6E4-AF40-45D5-8DD7-E8B401EE1ABA}
	EndGlobalSection
EndGlobal
